
Microsoft Visual Studio Solution File, Format Version 12.00
# Visual Studio 15
VisualStudioVersion = 15.0.27703.2026
MinimumVisualStudioVersion = 10.0.40219.1
Project("{FAE04EC0-301F-11D3-BF4B-00C04F79EFBC}") = "Concept", "Concept\Concept.csproj", "{DD492F88-12E2-4D6F-94F0-C21BF0F43AC9}"
EndProject
Global
	GlobalSection(SolutionConfigurationPlatforms) = preSolution
		Debug|Any CPU = Debug|Any CPU
		Release|Any CPU = Release|Any CPU
	EndGlobalSection
	GlobalSection(ProjectConfigurationPlatforms) = postSolution
		{DD492F88-12E2-4D6F-94F0-C21BF0F43AC9}.Debug|Any CPU.ActiveCfg = Debug|Any CPU
		{DD492F88-12E2-4D6F-94F0-C21BF0F43AC9}.Debug|Any CPU.Build.0 = Debug|Any CPU
		{DD492F88-12E2-4D6F-94F0-C21BF0F43AC9}.Release|Any CPU.ActiveCfg = Release|Any CPU
		{DD492F88-12E2-4D6F-94F0-C21BF0F43AC9}.Release|Any CPU.Build.0 = Release|Any CPU
	EndGlobalSection
	GlobalSection(SolutionProperties) = preSolution
		HideSolutionNode = FALSE
	EndGlobalSection
	GlobalSection(ExtensibilityGlobals) = postSolution
		SolutionGuid = {0825ACFF-99B3-4569-9A18-A317A99DFCE5}
	EndGlobalSection
EndGlobal
